PODS:
  - Masonry (1.1.0)
  - MBProgressHUD (0.9.2)
  - OpenSSL-Universal (1.0.2.13)
  - pop (1.0.12)
  - RMStore (0.7.1):
    - RMStore/Core (= 0.7.1)
  - RMStore/Core (0.7.1)

DEPENDENCIES:
  - Masonry (~> 1.1.0)
  - MBProgressHUD (~> 0.9.1)
  - OpenSSL-Universal (~> 1.0.2.13)
  - pop (~> 1.0.12)
  - RMStore (~> 0.7.1)

SPEC REPOS:
  https://github.com/cocoapods/specs.git:
    - Masonry
    - MBProgressHUD
    - OpenSSL-Universal
    - pop
    - RMStore

SPEC CHECKSUMS:
  Masonry: 678fab65091a9290e40e2832a55e7ab731aad201
  MBProgressHUD: 1569cf7ace17a8bac47aabfbb8580a49690386d1
  OpenSSL-Universal: 401888162f11c33ebbd46f782d9229da35c61327
  pop: d582054913807fd11fd50bfe6a539d91c7e1a55a
  RMStore: 64ba13a9c040e3b7572765d169f77175cd3243e5

PODFILE CHECKSUM: 9777d7c7c688f4f0aa8e0d135abd0fec6df9dd10

COCOAPODS: 1.6.0.beta.1
